// !$*UTF8*$!
{
	archiveVersion = 1;
	classes = {
	};
	objectVersion = 46;
	objects = {

/* Begin PBXBuildFile section */
		9811550A1DE8F01800AC53D3 /* NewsClient.swift in Sources */ = {isa = PBXBuildFile; fileRef = 981155091DE8F01800AC53D3 /* NewsClient.swift */; };
		9811550C1DE8F0AD00AC53D3 /* NewsConstants.swift in Sources */ = {isa = PBXBuildFile; fileRef = 9811550B1DE8F0AD00AC53D3 /* NewsConstants.swift */; };
		9811550E1DE939BA00AC53D3 /* NewsConvenience.swift in Sources */ = {isa = PBXBuildFile; fileRef = 9811550D1DE939BA00AC53D3 /* NewsConvenience.swift */; };
		9812BFFF1DE5F30C00554FA4 /* AppDelegate.swift in Sources */ = {isa = PBXBuildFile; fileRef = 9812BFFE1DE5F30C00554FA4 /* AppDelegate.swift */; };
		9812C0011DE5F30C00554FA4 /* NewsViewController.swift in Sources */ = {isa = PBXBuildFile; fileRef = 9812C0001DE5F30C00554FA4 /* NewsViewController.swift */; };
		9812C0041DE5F30C00554FA4 /* Main.storyboard in Resources */ = {isa = PBXBuildFile; fileRef = 9812C0021DE5F30C00554FA4 /* Main.storyboard */; };
		9812C0061DE5F30C00554FA4 /* Assets.xcassets in Resources */ = {isa = PBXBuildFile; fileRef = 9812C0051DE5F30C00554FA4 /* Assets.xcassets */; };
		9812C0091DE5F30C00554FA4 /* LaunchScreen.storyboard in Resources */ = {isa = PBXBuildFile; fileRef = 9812C0071DE5F30C00554FA4 /* LaunchScreen.storyboard */; };
		9812C0111DE5FAC500554FA4 /* TipCalcViewController.swift in Sources */ = {isa = PBXBuildFile; fileRef = 9812C0101DE5FAC500554FA4 /* TipCalcViewController.swift */; };
		9812C0131DE5FAFA00554FA4 /* MetroCardViewController.swift in Sources */ = {isa = PBXBuildFile; fileRef = 9812C0121DE5FAFA00554FA4 /* MetroCardViewController.swift */; };
		9812C0151DE5FB1400554FA4 /* StepsViewController.swift in Sources */ = {isa = PBXBuildFile; fileRef = 9812C0141DE5FB1400554FA4 /* StepsViewController.swift */; };
		98172D141DE9E5020026A4D6 /* CoreDataStack.swift in Sources */ = {isa = PBXBuildFile; fileRef = 98172D131DE9E5020026A4D6 /* CoreDataStack.swift */; };
		98172D171DE9E5800026A4D6 /* ForNYers.xcdatamodeld in Sources */ = {isa = PBXBuildFile; fileRef = 98172D151DE9E5800026A4D6 /* ForNYers.xcdatamodeld */; };
		981749371DEE1B9400B2DD8F /* NewsTableViewCell.swift in Sources */ = {isa = PBXBuildFile; fileRef = 981749361DEE1B9400B2DD8F /* NewsTableViewCell.swift */; };
		D5D02240ED50C1FB5E17D69B /* Pods_ForNYers.framework in Frameworks */ = {isa = PBXBuildFile; fileRef = 62F2F94D0117D29557F28425 /* Pods_ForNYers.framework */; };
/* End PBXBuildFile section */

/* Begin PBXFileReference section */
		2BD1861E0E8C8B55239FE955 /* Pods-ForNYers.debug.xcconfig */ = {isa = PBXFileReference; includeInIndex = 1; lastKnownFileType = text.xcconfig; name = "Pods-ForNYers.debug.xcconfig"; path = "Pods/Target Support Files/Pods-ForNYers/Pods-ForNYers.debug.xcconfig"; sourceTree = "<group>"; };
		47D6CABC9E25BAB4B27FB5AB /* Pods-ForNYers.release.xcconfig */ = {isa = PBXFileReference; includeInIndex = 1; lastKnownFileType = text.xcconfig; name = "Pods-ForNYers.release.xcconfig"; path = "Pods/Target Support Files/Pods-ForNYers/Pods-ForNYers.release.xcconfig"; sourceTree = "<group>"; };
		62F2F94D0117D29557F28425 /* Pods_ForNYers.framework */ = {isa = PBXFileReference; explicitFileType = wrapper.framework; includeInIndex = 0; path = Pods_ForNYers.framework; sourceTree = BUILT_PRODUCTS_DIR; };
		981155091DE8F01800AC53D3 /* NewsClient.swift */ = {isa = PBXFileReference; fileEncoding = 4; lastKnownFileType = sourcecode.swift; path = NewsClient.swift; sourceTree = "<group>"; };
		9811550B1DE8F0AD00AC53D3 /* NewsConstants.swift */ = {isa = PBXFileReference; fileEncoding = 4; lastKnownFileType = sourcecode.swift; path = NewsConstants.swift; sourceTree = "<group>"; };
		9811550D1DE939BA00AC53D3 /* NewsConvenience.swift */ = {isa = PBXFileReference; fileEncoding = 4; lastKnownFileType = sourcecode.swift; path = NewsConvenience.swift; sourceTree = "<group>"; };
		9812BFFB1DE5F30C00554FA4 /* ForNYers.app */ = {isa = PBXFileReference; explicitFileType = wrapper.application; includeInIndex = 0; path = ForNYers.app; sourceTree = BUILT_PRODUCTS_DIR; };
		9812BFFE1DE5F30C00554FA4 /* AppDelegate.swift */ = {isa = PBXFileReference; lastKnownFileType = sourcecode.swift; path = AppDelegate.swift; sourceTree = "<group>"; };
		9812C0001DE5F30C00554FA4 /* NewsViewController.swift */ = {isa = PBXFileReference; lastKnownFileType = sourcecode.swift; path = NewsViewController.swift; sourceTree = "<group>"; };
		9812C0031DE5F30C00554FA4 /* Base */ = {isa = PBXFileReference; lastKnownFileType = file.storyboard; name = Base; path = Base.lproj/Main.storyboard; sourceTree = "<group>"; };
		9812C0051DE5F30C00554FA4 /* Assets.xcassets */ = {isa = PBXFileReference; lastKnownFileType = folder.assetcatalog; path = Assets.xcassets; sourceTree = "<group>"; };
		9812C0081DE5F30C00554FA4 /* Base */ = {isa = PBXFileReference; lastKnownFileType = file.storyboard; name = Base; path = Base.lproj/LaunchScreen.storyboard; sourceTree = "<group>"; };
		9812C00A1DE5F30C00554FA4 /* Info.plist */ = {isa = PBXFileReference; lastKnownFileType = text.plist.xml; path = Info.plist; sourceTree = "<group>"; };
		9812C0101DE5FAC500554FA4 /* TipCalcViewController.swift */ = {isa = PBXFileReference; fileEncoding = 4; lastKnownFileType = sourcecode.swift; path = TipCalcViewController.swift; sourceTree = "<group>"; };
		9812C0121DE5FAFA00554FA4 /* MetroCardViewController.swift */ = {isa = PBXFileReference; fileEncoding = 4; lastKnownFileType = sourcecode.swift; path = MetroCardViewController.swift; sourceTree = "<group>"; };
		9812C0141DE5FB1400554FA4 /* StepsViewController.swift */ = {isa = PBXFileReference; fileEncoding = 4; lastKnownFileType = sourcecode.swift; path = StepsViewController.swift; sourceTree = "<group>"; };
		98172D131DE9E5020026A4D6 /* CoreDataStack.swift */ = {isa = PBXFileReference; fileEncoding = 4; lastKnownFileType = sourcecode.swift; path = CoreDataStack.swift; sourceTree = "<group>"; };
		98172D161DE9E5800026A4D6 /* ForNYers.xcdatamodel */ = {isa = PBXFileReference; lastKnownFileType = wrapper.xcdatamodel; path = ForNYers.xcdatamodel; sourceTree = "<group>"; };
		981749361DEE1B9400B2DD8F /* NewsTableViewCell.swift */ = {isa = PBXFileReference; fileEncoding = 4; lastKnownFileType = sourcecode.swift; path = NewsTableViewCell.swift; sourceTree = "<group>"; };
/* End PBXFileReference section */

/* Begin PBXFrameworksBuildPhase section */
		9812BFF81DE5F30C00554FA4 /* Frameworks */ = {
			isa = PBXFrameworksBuildPhase;
			buildActionMask = 2147483647;
			files = (
				D5D02240ED50C1FB5E17D69B /* Pods_ForNYers.framework in Frameworks */,
			);
			runOnlyForDeploymentPostprocessing = 0;
		};
/* End PBXFrameworksBuildPhase section */

/* Begin PBXGroup section */
		382EAC1855B1411CF9BAAE9F /* Frameworks */ = {
			isa = PBXGroup;
			children = (
				62F2F94D0117D29557F28425 /* Pods_ForNYers.framework */,
			);
			name = Frameworks;
			sourceTree = "<group>";
		};
		81E74065960F90510BB3FA88 /* Pods */ = {
			isa = PBXGroup;
			children = (
				2BD1861E0E8C8B55239FE955 /* Pods-ForNYers.debug.xcconfig */,
				47D6CABC9E25BAB4B27FB5AB /* Pods-ForNYers.release.xcconfig */,
			);
			name = Pods;
			sourceTree = "<group>";
		};
		9812BFF21DE5F30C00554FA4 = {
			isa = PBXGroup;
			children = (
				9812BFFD1DE5F30C00554FA4 /* ForNYers */,
				9812BFFC1DE5F30C00554FA4 /* Products */,
				81E74065960F90510BB3FA88 /* Pods */,
				382EAC1855B1411CF9BAAE9F /* Frameworks */,
			);
			sourceTree = "<group>";
		};
		9812BFFC1DE5F30C00554FA4 /* Products */ = {
			isa = PBXGroup;
			children = (
				9812BFFB1DE5F30C00554FA4 /* ForNYers.app */,
			);
			name = Products;
			sourceTree = "<group>";
		};
		9812BFFD1DE5F30C00554FA4 /* ForNYers */ = {
			isa = PBXGroup;
			children = (
				98172D121DE9E4DE0026A4D6 /* Model */,
				98172D0F1DE9E4AA0026A4D6 /* Controller */,
				98172D101DE9E4C60026A4D6 /* View */,
				98172D111DE9E4CF0026A4D6 /* Supporting Files */,
			);
			path = ForNYers;
			sourceTree = "<group>";
		};
		98172D0F1DE9E4AA0026A4D6 /* Controller */ = {
			isa = PBXGroup;
			children = (
				9812C0001DE5F30C00554FA4 /* NewsViewController.swift */,
				9812C0101DE5FAC500554FA4 /* TipCalcViewController.swift */,
				9812C0141DE5FB1400554FA4 /* StepsViewController.swift */,
				9812C0121DE5FAFA00554FA4 /* MetroCardViewController.swift */,
			);
			name = Controller;
			sourceTree = "<group>";
		};
		98172D101DE9E4C60026A4D6 /* View */ = {
			isa = PBXGroup;
			children = (
				9812C0021DE5F30C00554FA4 /* Main.storyboard */,
				981749361DEE1B9400B2DD8F /* NewsTableViewCell.swift */,
				9812C0071DE5F30C00554FA4 /* LaunchScreen.storyboard */,
			);
			name = View;
			sourceTree = "<group>";
		};
		98172D111DE9E4CF0026A4D6 /* Supporting Files */ = {
			isa = PBXGroup;
			children = (
				9812C0051DE5F30C00554FA4 /* Assets.xcassets */,
				9812C00A1DE5F30C00554FA4 /* Info.plist */,
			);
			name = "Supporting Files";
			sourceTree = "<group>";
		};
		98172D121DE9E4DE0026A4D6 /* Model */ = {
			isa = PBXGroup;
			children = (
				9812BFFE1DE5F30C00554FA4 /* AppDelegate.swift */,
				981155091DE8F01800AC53D3 /* NewsClient.swift */,
				9811550D1DE939BA00AC53D3 /* NewsConvenience.swift */,
				98172D131DE9E5020026A4D6 /* CoreDataStack.swift */,
				9811550B1DE8F0AD00AC53D3 /* NewsConstants.swift */,
				98172D151DE9E5800026A4D6 /* ForNYers.xcdatamodeld */,
			);
			name = Model;
			sourceTree = "<group>";
		};
/* End PBXGroup section */

/* Begin PBXNativeTarget section */
		9812BFFA1DE5F30C00554FA4 /* ForNYers */ = {
			isa = PBXNativeTarget;
			buildConfigurationList = 9812C00D1DE5F30C00554FA4 /* Build configuration list for PBXNativeTarget "ForNYers" */;
			buildPhases = (
				3C76CEDF31BB35276986258D /* [CP] Check Pods Manifest.lock */,
				9812BFF71DE5F30C00554FA4 /* Sources */,
				9812BFF81DE5F30C00554FA4 /* Frameworks */,
				9812BFF91DE5F30C00554FA4 /* Resources */,
				04D51ED6261F4F461315B5B1 /* [CP] Embed Pods Frameworks */,
				E252AA097FCE47C1780B4FA1 /* [CP] Copy Pods Resources */,
			);
			buildRules = (
			);
			dependencies = (
			);
			name = ForNYers;
			productName = ForNYers;
			productReference = 9812BFFB1DE5F30C00554FA4 /* ForNYers.app */;
			productType = "com.apple.product-type.application";
		};
/* End PBXNativeTarget section */

/* Begin PBXProject section */
		9812BFF31DE5F30C00554FA4 /* Project object */ = {
			isa = PBXProject;
			attributes = {
				LastSwiftUpdateCheck = 0810;
				LastUpgradeCheck = 0810;
				ORGANIZATIONNAME = "Jack Ngai";
				TargetAttributes = {
					9812BFFA1DE5F30C00554FA4 = {
						CreatedOnToolsVersion = 8.1;
						DevelopmentTeam = 56SGSJ5YCY;
						LastSwiftMigration = 0810;
						ProvisioningStyle = Automatic;
					};
				};
			};
			buildConfigurationList = 9812BFF61DE5F30C00554FA4 /* Build configuration list for PBXProject "ForNYers" */;
			compatibilityVersion = "Xcode 3.2";
			developmentRegion = English;
			hasScannedForEncodings = 0;
			knownRegions = (
				en,
				Base,
			);
			mainGroup = 9812BFF21DE5F30C00554FA4;
			productRefGroup = 9812BFFC1DE5F30C00554FA4 /* Products */;
			projectDirPath = "";
			projectRoot = "";
			targets = (
				9812BFFA1DE5F30C00554FA4 /* ForNYers */,
			);
		};
/* End PBXProject section */

/* Begin PBXResourcesBuildPhase section */
		9812BFF91DE5F30C00554FA4 /* Resources */ = {
			isa = PBXResourcesBuildPhase;
			buildActionMask = 2147483647;
			files = (
				9812C0091DE5F30C00554FA4 /* LaunchScreen.storyboard in Resources */,
				9812C0061DE5F30C00554FA4 /* Assets.xcassets in Resources */,
				9812C0041DE5F30C00554FA4 /* Main.storyboard in Resources */,
			);
			runOnlyForDeploymentPostprocessing = 0;
		};
/* End PBXResourcesBuildPhase section */

/* Begin PBXShellScriptBuildPhase section */
		04D51ED6261F4F461315B5B1 /* [CP] Embed Pods Frameworks */ = {
			isa = PBXShellScriptBuildPhase;
			buildActionMask = 2147483647;
			files = (
			);
			inputPaths = (
			);
			name = "[CP] Embed Pods Frameworks";
			outputPaths = (
			);
			runOnlyForDeploymentPostprocessing = 0;
			shellPath = /bin/sh;
			shellScript = "\"${SRCROOT}/Pods/Target Support Files/Pods-ForNYers/Pods-ForNYers-frameworks.sh\"\n";
			showEnvVarsInLog = 0;
		};
		3C76CEDF31BB35276986258D /* [CP] Check Pods Manifest.lock */ = {
			isa = PBXShellScriptBuildPhase;
			buildActionMask = 2147483647;
			files = (
			);
			inputPaths = (
			);
			name = "[CP] Check Pods Manifest.lock";
			outputPaths = (
			);
			runOnlyForDeploymentPostprocessing = 0;
			shellPath = /bin/sh;
			shellScript = "diff \"${PODS_ROOT}/../Podfile.lock\" \"${PODS_ROOT}/Manifest.lock\" > /dev/null\nif [ $? != 0 ] ; then\n    # print error to STDERR\n    echo \"error: The sandbox is not in sync with the Podfile.lock. Run 'pod install' or update your CocoaPods installation.\" >&2\n    exit 1\nfi\n";
			showEnvVarsInLog = 0;
		};
		E252AA097FCE47C1780B4FA1 /* [CP] Copy Pods Resources */ = {
			isa = PBXShellScriptBuildPhase;
			buildActionMask = 2147483647;
			files = (
			);
			inputPaths = (
			);
			name = "[CP] Copy Pods Resources";
			outputPaths = (
			);
			runOnlyForDeploymentPostprocessing = 0;
			shellPath = /bin/sh;
			shellScript = "\"${SRCROOT}/Pods/Target Support Files/Pods-ForNYers/Pods-ForNYers-resources.sh\"\n";
			showEnvVarsInLog = 0;
		};
/* End PBXShellScriptBuildPhase section */

/* Begin PBXSourcesBuildPhase section */
		9812BFF71DE5F30C00554FA4 /* Sources */ = {
			isa = PBXSourcesBuildPhase;
			buildActionMask = 2147483647;
			files = (
				9811550C1DE8F0AD00AC53D3 /* NewsConstants.swift in Sources */,
				981749371DEE1B9400B2DD8F /* NewsTableViewCell.swift in Sources */,
				9812C0131DE5FAFA00554FA4 /* MetroCardViewController.swift in Sources */,
				9811550E1DE939BA00AC53D3 /* NewsConvenience.swift in Sources */,
				98172D171DE9E5800026A4D6 /* ForNYers.xcdatamodeld in Sources */,
				98172D141DE9E5020026A4D6 /* CoreDataStack.swift in Sources */,
				9811550A1DE8F01800AC53D3 /* NewsClient.swift in Sources */,
				9812C0111DE5FAC500554FA4 /* TipCalcViewController.swift in Sources */,
				9812C0011DE5F30C00554FA4 /* NewsViewController.swift in Sources */,
				9812BFFF1DE5F30C00554FA4 /* AppDelegate.swift in Sources */,
				9812C0151DE5FB1400554FA4 /* StepsViewController.swift in Sources */,
			);
			runOnlyForDeploymentPostprocessing = 0;
		};
/* End PBXSourcesBuildPhase section */

/* Begin PBXVariantGroup section */
		9812C0021DE5F30C00554FA4 /* Main.storyboard */ = {
			isa = PBXVariantGroup;
			children = (
				9812C0031DE5F30C00554FA4 /* Base */,
			);
			name = Main.storyboard;
			sourceTree = "<group>";
		};
		9812C0071DE5F30C00554FA4 /* LaunchScreen.storyboard */ = {
			isa = PBXVariantGroup;
			children = (
				9812C0081DE5F30C00554FA4 /* Base */,
			);
			name = LaunchScreen.storyboard;
			sourceTree = "<group>";
		};
/* End PBXVariantGroup section */

/* Begin XCBuildConfiguration section */
		9812C00B1DE5F30C00554FA4 /* Debug */ = {
			isa = XCBuildConfiguration;
			baseConfigurationReference = 2BD1861E0E8C8B55239FE955 /* Pods-ForNYers.debug.xcconfig */;
			buildSettings = {
				CLANG_WARN_BOOL_CONVERSION = YES;
				CLANG_WARN_CONSTANT_CONVERSION = YES;
				CLANG_WARN_EMPTY_BODY = YES;
				CLANG_WARN_ENUM_CONVERSION = YES;
				CLANG_WARN_INFINITE_RECURSION = YES;
				CLANG_WARN_INT_CONVERSION = YES;
				CLANG_WARN_SUSPICIOUS_MOVE = YES;
				CLANG_WARN_UNREACHABLE_CODE = YES;
				CLANG_WARN__DUPLICATE_METHOD_MATCH = YES;
				ENABLE_STRICT_OBJC_MSGSEND = YES;
				ENABLE_TESTABILITY = YES;
				GCC_NO_COMMON_BLOCKS = YES;
				GCC_WARN_64_TO_32_BIT_CONVERSION = YES;
				GCC_WARN_ABOUT_RETURN_TYPE = YES;
				GCC_WARN_UNDECLARED_SELECTOR = YES;
				GCC_WARN_UNINITIALIZED_AUTOS = YES;
				GCC_WARN_UNUSED_FUNCTION = YES;
				GCC_WARN_UNUSED_VARIABLE = YES;
				IPHONEOS_DEPLOYMENT_TARGET = 10.1;
				ONLY_ACTIVE_ARCH = YES;
			};
			name = Debug;
		};
		9812C00C1DE5F30C00554FA4 /* Release */ = {
			isa = XCBuildConfiguration;
			baseConfigurationReference = 47D6CABC9E25BAB4B27FB5AB /* Pods-ForNYers.release.xcconfig */;
			buildSettings = {
				CLANG_WARN_BOOL_CONVERSION = YES;
				CLANG_WARN_CONSTANT_CONVERSION = YES;
				CLANG_WARN_EMPTY_BODY = YES;
				CLANG_WARN_ENUM_CONVERSION = YES;
				CLANG_WARN_INFINITE_RECURSION = YES;
				CLANG_WARN_INT_CONVERSION = YES;
				CLANG_WARN_SUSPICIOUS_MOVE = YES;
				CLANG_WARN_UNREACHABLE_CODE = YES;
				CLANG_WARN__DUPLICATE_METHOD_MATCH = YES;
				ENABLE_STRICT_OBJC_MSGSEND = YES;
				GCC_NO_COMMON_BLOCKS = YES;
				GCC_WARN_64_TO_32_BIT_CONVERSION = YES;
				GCC_WARN_ABOUT_RETURN_TYPE = YES;
				GCC_WARN_UNDECLARED_SELECTOR = YES;
				GCC_WARN_UNINITIALIZED_AUTOS = YES;
				GCC_WARN_UNUSED_FUNCTION = YES;
				GCC_WARN_UNUSED_VARIABLE = YES;
				IPHONEOS_DEPLOYMENT_TARGET = 10.1;
				SWIFT_OPTIMIZATION_LEVEL = "-Owholemodule";
			};
			name = Release;
		};
		9812C00E1DE5F30C00554FA4 /* Debug */ = {
			isa = XCBuildConfiguration;
			baseConfigurationReference = 2BD1861E0E8C8B55239FE955 /* Pods-ForNYers.debug.xcconfig */;
			buildSettings = {
				ALWAYS_EMBED_SWIFT_STANDARD_LIBRARIES = YES;
				ASSETCATALOG_COMPILER_APPICON_NAME = AppIcon;
				DEVELOPMENT_TEAM = 56SGSJ5YCY;
				INFOPLIST_FILE = ForNYers/Info.plist;
				IPHONEOS_DEPLOYMENT_TARGET = 10.1;
				LD_RUNPATH_SEARCH_PATHS = "$(inherited) @executable_path/Frameworks";
				PRODUCT_BUNDLE_IDENTIFIER = com.jackngai.ForNYers;
				PRODUCT_NAME = "$(TARGET_NAME)";
				SWIFT_VERSION = 3.0;
			};
			name = Debug;
		};
		9812C00F1DE5F30C00554FA4 /* Release */ = {
			isa = XCBuildConfiguration;
			baseConfigurationReference = 47D6CABC9E25BAB4B27FB5AB /* Pods-ForNYers.release.xcconfig */;
			buildSettings = {
				ALWAYS_EMBED_SWIFT_STANDARD_LIBRARIES = YES;
				ASSETCATALOG_COMPILER_APPICON_NAME = AppIcon;
				DEVELOPMENT_TEAM = 56SGSJ5YCY;
				INFOPLIST_FILE = ForNYers/Info.plist;
				IPHONEOS_DEPLOYMENT_TARGET = 10.1;
				LD_RUNPATH_SEARCH_PATHS = "$(inherited) @executable_path/Frameworks";
				PRODUCT_BUNDLE_IDENTIFIER = com.jackngai.ForNYers;
				PRODUCT_NAME = "$(TARGET_NAME)";
				SWIFT_VERSION = 3.0;
			};
			name = Release;
		};
/* End XCBuildConfiguration section */

/* Begin XCConfigurationList section */
		9812BFF61DE5F30C00554FA4 /* Build configuration list for PBXProject "ForNYers" */ = {
			isa = XCConfigurationList;
			buildConfigurations = (
				9812C00B1DE5F30C00554FA4 /* Debug */,
				9812C00C1DE5F30C00554FA4 /* Release */,
			);
			defaultConfigurationIsVisible = 0;
			defaultConfigurationName = Release;
		};
		9812C00D1DE5F30C00554FA4 /* Build configuration list for PBXNativeTarget "ForNYers" */ = {
			isa = XCConfigurationList;
			buildConfigurations = (
				9812C00E1DE5F30C00554FA4 /* Debug */,
				9812C00F1DE5F30C00554FA4 /* Release */,
			);
			defaultConfigurationIsVisible = 0;
			defaultConfigurationName = Release;
		};
/* End XCConfigurationList section */

/* Begin XCVersionGroup section */
		98172D151DE9E5800026A4D6 /* ForNYers.xcdatamodeld */ = {
			isa = XCVersionGroup;
			children = (
				98172D161DE9E5800026A4D6 /* ForNYers.xcdatamodel */,
			);
			currentVersion = 98172D161DE9E5800026A4D6 /* ForNYers.xcdatamodel */;
			path = ForNYers.xcdatamodeld;
			sourceTree = "<group>";
			versionGroupType = wrapper.xcdatamodel;
		};
/* End XCVersionGroup section */
	};
	rootObject = 9812BFF31DE5F30C00554FA4 /* Project object */;
}
