// !$*UTF8*$!
{
	archiveVersion = 1;
	classes = {
	};
	objectVersion = 46;
	objects = {

/* Begin PBXBuildFile section */
		9811550A1DE8F01800AC53D3 /* NewsClient.swift in Sources */ = {isa = PBXBuildFile; fileRef = 981155091DE8F01800AC53D3 /* NewsClient.swift */; };
		9811550C1DE8F0AD00AC53D3 /* NewsConstants.swift in Sources */ = {isa = PBXBuildFile; fileRef = 9811550B1DE8F0AD00AC53D3 /* NewsConstants.swift */; };
		9811550E1DE939BA00AC53D3 /* NewsConvenience.swift in Sources */ = {isa = PBXBuildFile; fileRef = 9811550D1DE939BA00AC53D3 /* NewsConvenience.swift */; };
		9812BFFF1DE5F30C00554FA4 /* AppDelegate.swift in Sources */ = {isa = PBXBuildFile; fileRef = 9812BFFE1DE5F30C00554FA4 /* AppDelegate.swift */; };
		9812C0011DE5F30C00554FA4 /* NewsViewController.swift in Sources */ = {isa = PBXBuildFile; fileRef = 9812C0001DE5F30C00554FA4 /* NewsViewController.swift */; };
		9812C0041DE5F30C00554FA4 /* Main.storyboard in Resources */ = {isa = PBXBuildFile; fileRef = 9812C0021DE5F30C00554FA4 /* Main.storyboard */; };
		9812C0061DE5F30C00554FA4 /* Assets.xcassets in Resources */ = {isa = PBXBuildFile; fileRef = 9812C0051DE5F30C00554FA4 /* Assets.xcassets */; };
		9812C0091DE5F30C00554FA4 /* LaunchScreen.storyboard in Resources */ = {isa = PBXBuildFile; fileRef = 9812C0071DE5F30C00554FA4 /* LaunchScreen.storyboard */; };
		9812C0111DE5FAC500554FA4 /* TipCalcViewController.swift in Sources */ = {isa = PBXBuildFile; fileRef = 9812C0101DE5FAC500554FA4 /* TipCalcViewController.swift */; };
		9812C0131DE5FAFA00554FA4 /* MetroCardViewController.swift in Sources */ = {isa = PBXBuildFile; fileRef = 9812C0121DE5FAFA00554FA4 /* MetroCardViewController.swift */; };
		9812C0151DE5FB1400554FA4 /* StepsViewController.swift in Sources */ = {isa = PBXBuildFile; fileRef = 9812C0141DE5FB1400554FA4 /* StepsViewController.swift */; };
		98172D141DE9E5020026A4D6 /* CoreDataStack.swift in Sources */ = {isa = PBXBuildFile; fileRef = 98172D131DE9E5020026A4D6 /* CoreDataStack.swift */; };
		98172D171DE9E5800026A4D6 /* ForNYers.xcdatamodeld in Sources */ = {isa = PBXBuildFile; fileRef = 98172D151DE9E5800026A4D6 /* ForNYers.xcdatamodeld */; };
/* End PBXBuildFile section */

/* Begin PBXFileReference section */
		981155091DE8F01800AC53D3 /* NewsClient.swift */ = {isa = PBXFileReference; fileEncoding = 4; lastKnownFileType = sourcecode.swift; path = NewsClient.swift; sourceTree = "<group>"; };
		9811550B1DE8F0AD00AC53D3 /* NewsConstants.swift */ = {isa = PBXFileReference; fileEncoding = 4; lastKnownFileType = sourcecode.swift; path = NewsConstants.swift; sourceTree = "<group>"; };
		9811550D1DE939BA00AC53D3 /* NewsConvenience.swift */ = {isa = PBXFileReference; fileEncoding = 4; lastKnownFileType = sourcecode.swift; path = NewsConvenience.swift; sourceTree = "<group>"; };
		9812BFFB1DE5F30C00554FA4 /* ForNYers.app */ = {isa = PBXFileReference; explicitFileType = wrapper.application; includeInIndex = 0; path = ForNYers.app; sourceTree = BUILT_PRODUCTS_DIR; };
		9812BFFE1DE5F30C00554FA4 /* AppDelegate.swift */ = {isa = PBXFileReference; lastKnownFileType = sourcecode.swift; path = AppDelegate.swift; sourceTree = "<group>"; };
		9812C0001DE5F30C00554FA4 /* NewsViewController.swift */ = {isa = PBXFileReference; lastKnownFileType = sourcecode.swift; path = NewsViewController.swift; sourceTree = "<group>"; };
		9812C0031DE5F30C00554FA4 /* Base */ = {isa = PBXFileReference; lastKnownFileType = file.storyboard; name = Base; path = Base.lproj/Main.storyboard; sourceTree = "<group>"; };
		9812C0051DE5F30C00554FA4 /* Assets.xcassets */ = {isa = PBXFileReference; lastKnownFileType = folder.assetcatalog; path = Assets.xcassets; sourceTree = "<group>"; };
		9812C0081DE5F30C00554FA4 /* Base */ = {isa = PBXFileReference; lastKnownFileType = file.storyboard; name = Base; path = Base.lproj/LaunchScreen.storyboard; sourceTree = "<group>"; };
		9812C00A1DE5F30C00554FA4 /* Info.plist */ = {isa = PBXFileReference; lastKnownFileType = text.plist.xml; path = Info.plist; sourceTree = "<group>"; };
		9812C0101DE5FAC500554FA4 /* TipCalcViewController.swift */ = {isa = PBXFileReference; fileEncoding = 4; lastKnownFileType = sourcecode.swift; path = TipCalcViewController.swift; sourceTree = "<group>"; };
		9812C0121DE5FAFA00554FA4 /* MetroCardViewController.swift */ = {isa = PBXFileReference; fileEncoding = 4; lastKnownFileType = sourcecode.swift; path = MetroCardViewController.swift; sourceTree = "<group>"; };
		9812C0141DE5FB1400554FA4 /* StepsViewController.swift */ = {isa = PBXFileReference; fileEncoding = 4; lastKnownFileType = sourcecode.swift; path = StepsViewController.swift; sourceTree = "<group>"; };
		98172D131DE9E5020026A4D6 /* CoreDataStack.swift */ = {isa = PBXFileReference; fileEncoding = 4; lastKnownFileType = sourcecode.swift; path = CoreDataStack.swift; sourceTree = "<group>"; };
		98172D161DE9E5800026A4D6 /* ForNYers.xcdatamodel */ = {isa = PBXFileReference; lastKnownFileType = wrapper.xcdatamodel; path = ForNYers.xcdatamodel; sourceTree = "<group>"; };
/* End PBXFileReference section */

/* Begin PBXFrameworksBuildPhase section */
		9812BFF81DE5F30C00554FA4 /* Frameworks */ = {
			isa = PBXFrameworksBuildPhase;
			buildActionMask = 2147483647;
			files = (
			);
			runOnlyForDeploymentPostprocessing = 0;
		};
/* End PBXFrameworksBuildPhase section */

/* Begin PBXGroup section */
		9812BFF21DE5F30C00554FA4 = {
			isa = PBXGroup;
			children = (
				9812BFFD1DE5F30C00554FA4 /* ForNYers */,
				9812BFFC1DE5F30C00554FA4 /* Products */,
			);
			sourceTree = "<group>";
		};
		9812BFFC1DE5F30C00554FA4 /* Products */ = {
			isa = PBXGroup;
			children = (
				9812BFFB1DE5F30C00554FA4 /* ForNYers.app */,
			);
			name = Products;
			sourceTree = "<group>";
		};
		9812BFFD1DE5F30C00554FA4 /* ForNYers */ = {
			isa = PBXGroup;
			children = (
				98172D121DE9E4DE0026A4D6 /* Model */,
				98172D0F1DE9E4AA0026A4D6 /* Controller */,
				98172D101DE9E4C60026A4D6 /* View */,
				98172D111DE9E4CF0026A4D6 /* Supporting Files */,
			);
			path = ForNYers;
			sourceTree = "<group>";
		};
		98172D0F1DE9E4AA0026A4D6 /* Controller */ = {
			isa = PBXGroup;
			children = (
				9812C0001DE5F30C00554FA4 /* NewsViewController.swift */,
				9812C0101DE5FAC500554FA4 /* TipCalcViewController.swift */,
				9812C0141DE5FB1400554FA4 /* StepsViewController.swift */,
				9812C0121DE5FAFA00554FA4 /* MetroCardViewController.swift */,
			);
			name = Controller;
			sourceTree = "<group>";
		};
		98172D101DE9E4C60026A4D6 /* View */ = {
			isa = PBXGroup;
			children = (
				9812C0021DE5F30C00554FA4 /* Main.storyboard */,
				9812C0071DE5F30C00554FA4 /* LaunchScreen.storyboard */,
			);
			name = View;
			sourceTree = "<group>";
		};
		98172D111DE9E4CF0026A4D6 /* Supporting Files */ = {
			isa = PBXGroup;
			children = (
				9812C0051DE5F30C00554FA4 /* Assets.xcassets */,
				9812C00A1DE5F30C00554FA4 /* Info.plist */,
			);
			name = "Supporting Files";
			sourceTree = "<group>";
		};
		98172D121DE9E4DE0026A4D6 /* Model */ = {
			isa = PBXGroup;
			children = (
				9812BFFE1DE5F30C00554FA4 /* AppDelegate.swift */,
				981155091DE8F01800AC53D3 /* NewsClient.swift */,
				9811550D1DE939BA00AC53D3 /* NewsConvenience.swift */,
				98172D131DE9E5020026A4D6 /* CoreDataStack.swift */,
				9811550B1DE8F0AD00AC53D3 /* NewsConstants.swift */,
				98172D151DE9E5800026A4D6 /* ForNYers.xcdatamodeld */,
			);
			name = Model;
			sourceTree = "<group>";
		};
/* End PBXGroup section */

/* Begin PBXNativeTarget section */
		9812BFFA1DE5F30C00554FA4 /* ForNYers */ = {
			isa = PBXNativeTarget;
			buildConfigurationList = 9812C00D1DE5F30C00554FA4 /* Build configuration list for PBXNativeTarget "ForNYers" */;
			buildPhases = (
				9812BFF71DE5F30C00554FA4 /* Sources */,
				9812BFF81DE5F30C00554FA4 /* Frameworks */,
				9812BFF91DE5F30C00554FA4 /* Resources */,
			);
			buildRules = (
			);
			dependencies = (
			);
			name = ForNYers;
			productName = ForNYers;
			productReference = 9812BFFB1DE5F30C00554FA4 /* ForNYers.app */;
			productType = "com.apple.product-type.application";
		};
/* End PBXNativeTarget section */

/* Begin PBXProject section */
		9812BFF31DE5F30C00554FA4 /* Project object */ = {
			isa = PBXProject;
			attributes = {
				LastSwiftUpdateCheck = 0810;
				LastUpgradeCheck = 0810;
				ORGANIZATIONNAME = "Jack Ngai";
				TargetAttributes = {
					9812BFFA1DE5F30C00554FA4 = {
						CreatedOnToolsVersion = 8.1;
						DevelopmentTeam = 56SGSJ5YCY;
						ProvisioningStyle = Automatic;
					};
				};
			};
			buildConfigurationList = 9812BFF61DE5F30C00554FA4 /* Build configuration list for PBXProject "ForNYers" */;
			compatibilityVersion = "Xcode 3.2";
			developmentRegion = English;
			hasScannedForEncodings = 0;
			knownRegions = (
				en,
				Base,
			);
			mainGroup = 9812BFF21DE5F30C00554FA4;
			productRefGroup = 9812BFFC1DE5F30C00554FA4 /* Products */;
			projectDirPath = "";
			projectRoot = "";
			targets = (
				9812BFFA1DE5F30C00554FA4 /* ForNYers */,
			);
		};
/* End PBXProject section */

/* Begin PBXResourcesBuildPhase section */
		9812BFF91DE5F30C00554FA4 /* Resources */ = {
			isa = PBXResourcesBuildPhase;
			buildActionMask = 2147483647;
			files = (
				9812C0091DE5F30C00554FA4 /* LaunchScreen.storyboard in Resources */,
				9812C0061DE5F30C00554FA4 /* Assets.xcassets in Resources */,
				9812C0041DE5F30C00554FA4 /* Main.storyboard in Resources */,
			);
			runOnlyForDeploymentPostprocessing = 0;
		};
/* End PBXResourcesBuildPhase section */

/* Begin PBXSourcesBuildPhase section */
		9812BFF71DE5F30C00554FA4 /* Sources */ = {
			isa = PBXSourcesBuildPhase;
			buildActionMask = 2147483647;
			files = (
				9811550C1DE8F0AD00AC53D3 /* NewsConstants.swift in Sources */,
				9812C0131DE5FAFA00554FA4 /* MetroCardViewController.swift in Sources */,
				9811550E1DE939BA00AC53D3 /* NewsConvenience.swift in Sources */,
				98172D171DE9E5800026A4D6 /* ForNYers.xcdatamodeld in Sources */,
				98172D141DE9E5020026A4D6 /* CoreDataStack.swift in Sources */,
				9811550A1DE8F01800AC53D3 /* NewsClient.swift in Sources */,
				9812C0111DE5FAC500554FA4 /* TipCalcViewController.swift in Sources */,
				9812C0011DE5F30C00554FA4 /* NewsViewController.swift in Sources */,
				9812BFFF1DE5F30C00554FA4 /* AppDelegate.swift in Sources */,
				9812C0151DE5FB1400554FA4 /* StepsViewController.swift in Sources */,
			);
			runOnlyForDeploymentPostprocessing = 0;
		};
/* End PBXSourcesBuildPhase section */

/* Begin PBXVariantGroup section */
		9812C0021DE5F30C00554FA4 /* Main.storyboard */ = {
			isa = PBXVariantGroup;
			children = (
				9812C0031DE5F30C00554FA4 /* Base */,
			);
			name = Main.storyboard;
			sourceTree = "<group>";
		};
		9812C0071DE5F30C00554FA4 /* LaunchScreen.storyboard */ = {
			isa = PBXVariantGroup;
			children = (
				9812C0081DE5F30C00554FA4 /* Base */,
			);
			name = LaunchScreen.storyboard;
			sourceTree = "<group>";
		};
/* End PBXVariantGroup section */

/* Begin XCBuildConfiguration section */
		9812C00B1DE5F30C00554FA4 /* Debug */ = {
			isa = XCBuildConfiguration;
			buildSettings = {
				ALWAYS_SEARCH_USER_PATHS = NO;
				CLANG_ANALYZER_NONNULL = YES;
				CLANG_CXX_LANGUAGE_STANDARD = "gnu++0x";
				CLANG_CXX_LIBRARY = "libc++";
				CLANG_ENABLE_MODULES = YES;
				CLANG_ENABLE_OBJC_ARC = YES;
				CLANG_WARN_BOOL_CONVERSION = YES;
				CLANG_WARN_CONSTANT_CONVERSION = YES;
				CLANG_WARN_DIRECT_OBJC_ISA_USAGE = YES_ERROR;
				CLANG_WARN_DOCUMENTATION_COMMENTS = YES;
				CLANG_WARN_EMPTY_BODY = YES;
				CLANG_WARN_ENUM_CONVERSION = YES;
				CLANG_WARN_INFINITE_RECURSION = YES;
				CLANG_WARN_INT_CONVERSION = YES;
				CLANG_WARN_OBJC_ROOT_CLASS = YES_ERROR;
				CLANG_WARN_SUSPICIOUS_MOVES = YES;
				CLANG_WARN_UNREACHABLE_CODE = YES;
				CLANG_WARN__DUPLICATE_METHOD_MATCH = YES;
				"CODE_SIGN_IDENTITY[sdk=iphoneos*]" = "iPhone Developer";
				COPY_PHASE_STRIP = NO;
				DEBUG_INFORMATION_FORMAT = dwarf;
				ENABLE_STRICT_OBJC_MSGSEND = YES;
				ENABLE_TESTABILITY = YES;
				GCC_C_LANGUAGE_STANDARD = gnu99;
				GCC_DYNAMIC_NO_PIC = NO;
				GCC_NO_COMMON_BLOCKS = YES;
				GCC_OPTIMIZATION_LEVEL = 0;
				GCC_PREPROCESSOR_DEFINITIONS = (
					"DEBUG=1",
					"$(inherited)",
				);
				GCC_WARN_64_TO_32_BIT_CONVERSION = YES;
				GCC_WARN_ABOUT_RETURN_TYPE = YES_ERROR;
				GCC_WARN_UNDECLARED_SELECTOR = YES;
				GCC_WARN_UNINITIALIZED_AUTOS = YES_AGGRESSIVE;
				GCC_WARN_UNUSED_FUNCTION = YES;
				GCC_WARN_UNUSED_VARIABLE = YES;
				IPHONEOS_DEPLOYMENT_TARGET = 10.1;
				MTL_ENABLE_DEBUG_INFO = YES;
				ONLY_ACTIVE_ARCH = YES;
				SDKROOT = iphoneos;
				SWIFT_ACTIVE_COMPILATION_CONDITIONS = DEBUG;
				SWIFT_OPTIMIZATION_LEVEL = "-Onone";
				TARGETED_DEVICE_FAMILY = "1,2";
			};
			name = Debug;
		};
		9812C00C1DE5F30C00554FA4 /* Release */ = {
			isa = XCBuildConfiguration;
			buildSettings = {
				ALWAYS_SEARCH_USER_PATHS = NO;
				CLANG_ANALYZER_NONNULL = YES;
				CLANG_CXX_LANGUAGE_STANDARD = "gnu++0x";
				CLANG_CXX_LIBRARY = "libc++";
				CLANG_ENABLE_MODULES = YES;
				CLANG_ENABLE_OBJC_ARC = YES;
				CLANG_WARN_BOOL_CONVERSION = YES;
				CLANG_WARN_CONSTANT_CONVERSION = YES;
				CLANG_WARN_DIRECT_OBJC_ISA_USAGE = YES_ERROR;
				CLANG_WARN_DOCUMENTATION_COMMENTS = YES;
				CLANG_WARN_EMPTY_BODY = YES;
				CLANG_WARN_ENUM_CONVERSION = YES;
				CLANG_WARN_INFINITE_RECURSION = YES;
				CLANG_WARN_INT_CONVERSION = YES;
				CLANG_WARN_OBJC_ROOT_CLASS = YES_ERROR;
				CLANG_WARN_SUSPICIOUS_MOVES = YES;
				CLANG_WARN_UNREACHABLE_CODE = YES;
				CLANG_WARN__DUPLICATE_METHOD_MATCH = YES;
				"CODE_SIGN_IDENTITY[sdk=iphoneos*]" = "iPhone Developer";
				COPY_PHASE_STRIP = NO;
				DEBUG_INFORMATION_FORMAT = "dwarf-with-dsym";
				ENABLE_NS_ASSERTIONS = NO;
				ENABLE_STRICT_OBJC_MSGSEND = YES;
				GCC_C_LANGUAGE_STANDARD = gnu99;
				GCC_NO_COMMON_BLOCKS = YES;
				GCC_WARN_64_TO_32_BIT_CONVERSION = YES;
				GCC_WARN_ABOUT_RETURN_TYPE = YES_ERROR;
				GCC_WARN_UNDECLARED_SELECTOR = YES;
				GCC_WARN_UNINITIALIZED_AUTOS = YES_AGGRESSIVE;
				GCC_WARN_UNUSED_FUNCTION = YES;
				GCC_WARN_UNUSED_VARIABLE = YES;
				IPHONEOS_DEPLOYMENT_TARGET = 10.1;
				MTL_ENABLE_DEBUG_INFO = NO;
				SDKROOT = iphoneos;
				SWIFT_OPTIMIZATION_LEVEL = "-Owholemodule";
				TARGETED_DEVICE_FAMILY = "1,2";
				VALIDATE_PRODUCT = YES;
			};
			name = Release;
		};
		9812C00E1DE5F30C00554FA4 /* Debug */ = {
			isa = XCBuildConfiguration;
			buildSettings = {
				ASSETCATALOG_COMPILER_APPICON_NAME = AppIcon;
				DEVELOPMENT_TEAM = 56SGSJ5YCY;
				INFOPLIST_FILE = ForNYers/Info.plist;
				IPHONEOS_DEPLOYMENT_TARGET = 10.1;
				LD_RUNPATH_SEARCH_PATHS = "$(inherited) @executable_path/Frameworks";
				PRODUCT_BUNDLE_IDENTIFIER = com.jackngai.ForNYers;
				PRODUCT_NAME = "$(TARGET_NAME)";
				SWIFT_VERSION = 3.0;
			};
			name = Debug;
		};
		9812C00F1DE5F30C00554FA4 /* Release */ = {
			isa = XCBuildConfiguration;
			buildSettings = {
				ASSETCATALOG_COMPILER_APPICON_NAME = AppIcon;
				DEVELOPMENT_TEAM = 56SGSJ5YCY;
				INFOPLIST_FILE = ForNYers/Info.plist;
				IPHONEOS_DEPLOYMENT_TARGET = 10.1;
				LD_RUNPATH_SEARCH_PATHS = "$(inherited) @executable_path/Frameworks";
				PRODUCT_BUNDLE_IDENTIFIER = com.jackngai.ForNYers;
				PRODUCT_NAME = "$(TARGET_NAME)";
				SWIFT_VERSION = 3.0;
			};
			name = Release;
		};
/* End XCBuildConfiguration section */

/* Begin XCConfigurationList section */
		9812BFF61DE5F30C00554FA4 /* Build configuration list for PBXProject "ForNYers" */ = {
			isa = XCConfigurationList;
			buildConfigurations = (
				9812C00B1DE5F30C00554FA4 /* Debug */,
				9812C00C1DE5F30C00554FA4 /* Release */,
			);
			defaultConfigurationIsVisible = 0;
			defaultConfigurationName = Release;
		};
		9812C00D1DE5F30C00554FA4 /* Build configuration list for PBXNativeTarget "ForNYers" */ = {
			isa = XCConfigurationList;
			buildConfigurations = (
				9812C00E1DE5F30C00554FA4 /* Debug */,
				9812C00F1DE5F30C00554FA4 /* Release */,
			);
			defaultConfigurationIsVisible = 0;
			defaultConfigurationName = Release;
		};
/* End XCConfigurationList section */

/* Begin XCVersionGroup section */
		98172D151DE9E5800026A4D6 /* ForNYers.xcdatamodeld */ = {
			isa = XCVersionGroup;
			children = (
				98172D161DE9E5800026A4D6 /* ForNYers.xcdatamodel */,
			);
			currentVersion = 98172D161DE9E5800026A4D6 /* ForNYers.xcdatamodel */;
			path = ForNYers.xcdatamodeld;
			sourceTree = "<group>";
			versionGroupType = wrapper.xcdatamodel;
		};
/* End XCVersionGroup section */
	};
	rootObject = 9812BFF31DE5F30C00554FA4 /* Project object */;
}
